{
  "name": "cherry-blossom-memories-tcb",
  "version": "1.0.0",
  "lockfileVersion": 2,
  "requires": true,
  "packages": {
    "": {
      "name": "cherry-blossom-memories-tcb",
      "version": "1.0.0",
      "dependencies": {
        "@cloudbase/framework-plugin-database": "^1.2.3",
        "@cloudbase/framework-plugin-function": "^1.2.3",
        "@cloudbase/framework-plugin-storage": "^1.2.3"
      },
      "devDependencies": {
        "@cloudbase/cli": "^1.12.0"
      }
    }
  }
}
